// !$*UTF8*$!
{
	archiveVersion = 1;
	classes = {
	};
	objectVersion = 46;
	objects = {

/* Begin PBXBuildFile section */
		96BC41931B09774E0032A169 /* AppDelegate.swift in Sources */ = {isa = PBXBuildFile; fileRef = 96BC41921B09774E0032A169 /* AppDelegate.swift */; };
		96BC41951B09774E0032A169 /* ViewController.swift in Sources */ = {isa = PBXBuildFile; fileRef = 96BC41941B09774E0032A169 /* ViewController.swift */; };
		96BC41971B09774E0032A169 /* Images.xcassets in Resources */ = {isa = PBXBuildFile; fileRef = 96BC41961B09774E0032A169 /* Images.xcassets */; };
		96BC419A1B09774E0032A169 /* Main.storyboard in Resources */ = {isa = PBXBuildFile; fileRef = 96BC41981B09774E0032A169 /* Main.storyboard */; };
		96BC41BF1B0977AD0032A169 /* MusicKit.framework in Frameworks */ = {isa = PBXBuildFile; fileRef = 96BC41B81B0977A30032A169 /* MusicKit.framework */; };
/* End PBXBuildFile section */

/* Begin PBXContainerItemProxy section */
		96BC41B71B0977A30032A169 /* PBXContainerItemProxy */ = {
			isa = PBXContainerItemProxy;
			containerPortal = 96BC41B01B0977A30032A169 /* MusicKit.xcodeproj */;
			proxyType = 2;
			remoteGlobalIDString = 96F299221A5663E500D7B006;
			remoteInfo = MusicKit_OSX;
		};
		96BC41B91B0977A30032A169 /* PBXContainerItemProxy */ = {
			isa = PBXContainerItemProxy;
			containerPortal = 96BC41B01B0977A30032A169 /* MusicKit.xcodeproj */;
			proxyType = 2;
			remoteGlobalIDString = 9693F6531A57C403006270F4;
			remoteInfo = MusicKit_iOS;
		};
		96BC41BB1B0977A30032A169 /* PBXContainerItemProxy */ = {
			isa = PBXContainerItemProxy;
			containerPortal = 96BC41B01B0977A30032A169 /* MusicKit.xcodeproj */;
			proxyType = 2;
			remoteGlobalIDString = 96F2992D1A5663E500D7B006;
			remoteInfo = MusicKit_OSXTests;
		};
		96BC41BD1B0977A30032A169 /* PBXContainerItemProxy */ = {
			isa = PBXContainerItemProxy;
			containerPortal = 96BC41B01B0977A30032A169 /* MusicKit.xcodeproj */;
			proxyType = 2;
			remoteGlobalIDString = 9691BB241A57C75500421B56;
			remoteInfo = MusicKit_iOSTests;
		};
/* End PBXContainerItemProxy section */

/* Begin PBXFileReference section */
		96BC418D1B09774E0032A169 /* ChaosHarmonizer.app */ = {isa = PBXFileReference; explicitFileType = wrapper.application; includeInIndex = 0; path = ChaosHarmonizer.app; sourceTree = BUILT_PRODUCTS_DIR; };
		96BC41911B09774E0032A169 /* Info.plist */ = {isa = PBXFileReference; lastKnownFileType = text.plist.xml; path = Info.plist; sourceTree = "<group>"; };
		96BC41921B09774E0032A169 /* AppDelegate.swift */ = {isa = PBXFileReference; lastKnownFileType = sourcecode.swift; path = AppDelegate.swift; sourceTree = "<group>"; };
		96BC41941B09774E0032A169 /* ViewController.swift */ = {isa = PBXFileReference; lastKnownFileType = sourcecode.swift; path = ViewController.swift; sourceTree = "<group>"; };
		96BC41961B09774E0032A169 /* Images.xcassets */ = {isa = PBXFileReference; lastKnownFileType = folder.assetcatalog; path = Images.xcassets; sourceTree = "<group>"; };
		96BC41991B09774E0032A169 /* Base */ = {isa = PBXFileReference; lastKnownFileType = file.storyboard; name = Base; path = Base.lproj/Main.storyboard; sourceTree = "<group>"; };
		96BC41B01B0977A30032A169 /* MusicKit.xcodeproj */ = {isa = PBXFileReference; lastKnownFileType = "wrapper.pb-project"; name = MusicKit.xcodeproj; path = ../../MusicKit.xcodeproj; sourceTree = "<group>"; };
/* End PBXFileReference section */

/* Begin PBXFrameworksBuildPhase section */
		96BC418A1B09774E0032A169 /* Frameworks */ = {
			isa = PBXFrameworksBuildPhase;
			buildActionMask = 2147483647;
			files = (
				96BC41BF1B0977AD0032A169 /* MusicKit.framework in Frameworks */,
			);
			runOnlyForDeploymentPostprocessing = 0;
		};
/* End PBXFrameworksBuildPhase section */

/* Begin PBXGroup section */
		96BC41841B09774E0032A169 = {
			isa = PBXGroup;
			children = (
				96BC418F1B09774E0032A169 /* ChaosHarmonizer */,
				96BC418E1B09774E0032A169 /* Products */,
				96BC41B01B0977A30032A169 /* MusicKit.xcodeproj */,
			);
			sourceTree = "<group>";
		};
		96BC418E1B09774E0032A169 /* Products */ = {
			isa = PBXGroup;
			children = (
				96BC418D1B09774E0032A169 /* ChaosHarmonizer.app */,
			);
			name = Products;
			sourceTree = "<group>";
		};
		96BC418F1B09774E0032A169 /* ChaosHarmonizer */ = {
			isa = PBXGroup;
			children = (
				96BC41921B09774E0032A169 /* AppDelegate.swift */,
				96BC41941B09774E0032A169 /* ViewController.swift */,
				96BC41961B09774E0032A169 /* Images.xcassets */,
				96BC41981B09774E0032A169 /* Main.storyboard */,
				96BC41901B09774E0032A169 /* Supporting Files */,
			);
			path = ChaosHarmonizer;
			sourceTree = "<group>";
		};
		96BC41901B09774E0032A169 /* Supporting Files */ = {
			isa = PBXGroup;
			children = (
				96BC41911B09774E0032A169 /* Info.plist */,
			);
			name = "Supporting Files";
			sourceTree = "<group>";
		};
		96BC41B11B0977A30032A169 /* Products */ = {
			isa = PBXGroup;
			children = (
				96BC41B81B0977A30032A169 /* MusicKit.framework */,
				96BC41BA1B0977A30032A169 /* MusicKit.framework */,
				96BC41BC1B0977A30032A169 /* MusicKit_OSXTests.xctest */,
				96BC41BE1B0977A30032A169 /* MusicKit_iOSTests.xctest */,
			);
			name = Products;
			sourceTree = "<group>";
		};
/* End PBXGroup section */

/* Begin PBXNativeTarget section */
		96BC418C1B09774E0032A169 /* ChaosHarmonizer */ = {
			isa = PBXNativeTarget;
			buildConfigurationList = 96BC41A91B09774E0032A169 /* Build configuration list for PBXNativeTarget "ChaosHarmonizer" */;
			buildPhases = (
				96BC41891B09774E0032A169 /* Sources */,
				96BC418A1B09774E0032A169 /* Frameworks */,
				96BC418B1B09774E0032A169 /* Resources */,
			);
			buildRules = (
			);
			dependencies = (
			);
			name = ChaosHarmonizer;
			productName = ChaosHarmonizer;
			productReference = 96BC418D1B09774E0032A169 /* ChaosHarmonizer.app */;
			productType = "com.apple.product-type.application";
		};
/* End PBXNativeTarget section */

/* Begin PBXProject section */
		96BC41851B09774E0032A169 /* Project object */ = {
			isa = PBXProject;
			attributes = {
				LastSwiftUpdateCheck = 0700;
				LastUpgradeCheck = 0700;
				ORGANIZATIONNAME = "Ben Guo";
				TargetAttributes = {
					96BC418C1B09774E0032A169 = {
						CreatedOnToolsVersion = 6.3.1;
					};
				};
			};
			buildConfigurationList = 96BC41881B09774E0032A169 /* Build configuration list for PBXProject "ChaosHarmonizer" */;
			compatibilityVersion = "Xcode 3.2";
			developmentRegion = English;
			hasScannedForEncodings = 0;
			knownRegions = (
				en,
				Base,
			);
			mainGroup = 96BC41841B09774E0032A169;
			productRefGroup = 96BC418E1B09774E0032A169 /* Products */;
			projectDirPath = "";
			projectReferences = (
				{
					ProductGroup = 96BC41B11B0977A30032A169 /* Products */;
					ProjectRef = 96BC41B01B0977A30032A169 /* MusicKit.xcodeproj */;
				},
			);
			projectRoot = "";
			targets = (
				96BC418C1B09774E0032A169 /* ChaosHarmonizer */,
			);
		};
/* End PBXProject section */

/* Begin PBXReferenceProxy section */
		96BC41B81B0977A30032A169 /* MusicKit.framework */ = {
			isa = PBXReferenceProxy;
			fileType = wrapper.framework;
			path = MusicKit.framework;
			remoteRef = 96BC41B71B0977A30032A169 /* PBXContainerItemProxy */;
			sourceTree = BUILT_PRODUCTS_DIR;
		};
		96BC41BA1B0977A30032A169 /* MusicKit.framework */ = {
			isa = PBXReferenceProxy;
			fileType = wrapper.framework;
			path = MusicKit.framework;
			remoteRef = 96BC41B91B0977A30032A169 /* PBXContainerItemProxy */;
			sourceTree = BUILT_PRODUCTS_DIR;
		};
		96BC41BC1B0977A30032A169 /* MusicKit_OSXTests.xctest */ = {
			isa = PBXReferenceProxy;
			fileType = wrapper.cfbundle;
			path = MusicKit_OSXTests.xctest;
			remoteRef = 96BC41BB1B0977A30032A169 /* PBXContainerItemProxy */;
			sourceTree = BUILT_PRODUCTS_DIR;
		};
		96BC41BE1B0977A30032A169 /* MusicKit_iOSTests.xctest */ = {
			isa = PBXReferenceProxy;
			fileType = wrapper.cfbundle;
			path = MusicKit_iOSTests.xctest;
			remoteRef = 96BC41BD1B0977A30032A169 /* PBXContainerItemProxy */;
			sourceTree = BUILT_PRODUCTS_DIR;
		};
/* End PBXReferenceProxy section */

/* Begin PBXResourcesBuildPhase section */
		96BC418B1B09774E0032A169 /* Resources */ = {
			isa = PBXResourcesBuildPhase;
			buildActionMask = 2147483647;
			files = (
				96BC41971B09774E0032A169 /* Images.xcassets in Resources */,
				96BC419A1B09774E0032A169 /* Main.storyboard in Resources */,
			);
			runOnlyForDeploymentPostprocessing = 0;
		};
/* End PBXResourcesBuildPhase section */

/* Begin PBXSourcesBuildPhase section */
		96BC41891B09774E0032A169 /* Sources */ = {
			isa = PBXSourcesBuildPhase;
			buildActionMask = 2147483647;
			files = (
				96BC41951B09774E0032A169 /* ViewController.swift in Sources */,
				96BC41931B09774E0032A169 /* AppDelegate.swift in Sources */,
			);
			runOnlyForDeploymentPostprocessing = 0;
		};
/* End PBXSourcesBuildPhase section */

/* Begin PBXVariantGroup section */
		96BC41981B09774E0032A169 /* Main.storyboard */ = {
			isa = PBXVariantGroup;
			children = (
				96BC41991B09774E0032A169 /* Base */,
			);
			name = Main.storyboard;
			sourceTree = "<group>";
		};
/* End PBXVariantGroup section */

/* Begin XCBuildConfiguration section */
		96BC41A71B09774E0032A169 /* Debug */ = {
			isa = XCBuildConfiguration;
			buildSettings = {
				ALWAYS_SEARCH_USER_PATHS = NO;
				CLANG_CXX_LANGUAGE_STANDARD = "gnu++0x";
				CLANG_CXX_LIBRARY = "libc++";
				CLANG_ENABLE_MODULES = YES;
				CLANG_ENABLE_OBJC_ARC = YES;
				CLANG_WARN_BOOL_CONVERSION = YES;
				CLANG_WARN_CONSTANT_CONVERSION = YES;
				CLANG_WARN_DIRECT_OBJC_ISA_USAGE = YES_ERROR;
				CLANG_WARN_EMPTY_BODY = YES;
				CLANG_WARN_ENUM_CONVERSION = YES;
				CLANG_WARN_INT_CONVERSION = YES;
				CLANG_WARN_OBJC_ROOT_CLASS = YES_ERROR;
				CLANG_WARN_UNREACHABLE_CODE = YES;
				CLANG_WARN__DUPLICATE_METHOD_MATCH = YES;
				CODE_SIGN_IDENTITY = "-";
				COPY_PHASE_STRIP = NO;
				DEBUG_INFORMATION_FORMAT = dwarf;
				ENABLE_STRICT_OBJC_MSGSEND = YES;
				ENABLE_TESTABILITY = YES;
				GCC_C_LANGUAGE_STANDARD = gnu99;
				GCC_DYNAMIC_NO_PIC = NO;
				GCC_NO_COMMON_BLOCKS = YES;
				GCC_OPTIMIZATION_LEVEL = 0;
				GCC_PREPROCESSOR_DEFINITIONS = (
					"DEBUG=1",
					"$(inherited)",
				);
				GCC_SYMBOLS_PRIVATE_EXTERN = NO;
				GCC_WARN_64_TO_32_BIT_CONVERSION = YES;
				GCC_WARN_ABOUT_RETURN_TYPE = YES_ERROR;
				GCC_WARN_UNDECLARED_SELECTOR = YES;
				GCC_WARN_UNINITIALIZED_AUTOS = YES_AGGRESSIVE;
				GCC_WARN_UNUSED_FUNCTION = YES;
				GCC_WARN_UNUSED_VARIABLE = YES;
				MACOSX_DEPLOYMENT_TARGET = 10.10;
				MTL_ENABLE_DEBUG_INFO = YES;
				ONLY_ACTIVE_ARCH = YES;
				SDKROOT = macosx;
				SWIFT_OPTIMIZATION_LEVEL = "-Onone";
			};
			name = Debug;
		};
		96BC41A81B09774E0032A169 /* Release */ = {
			isa = XCBuildConfiguration;
			buildSettings = {
				ALWAYS_SEARCH_USER_PATHS = NO;
				CLANG_CXX_LANGUAGE_STANDARD = "gnu++0x";
				CLANG_CXX_LIBRARY = "libc++";
				CLANG_ENABLE_MODULES = YES;
				CLANG_ENABLE_OBJC_ARC = YES;
				CLANG_WARN_BOOL_CONVERSION = YES;
				CLANG_WARN_CONSTANT_CONVERSION = YES;
				CLANG_WARN_DIRECT_OBJC_ISA_USAGE = YES_ERROR;
				CLANG_WARN_EMPTY_BODY = YES;
				CLANG_WARN_ENUM_CONVERSION = YES;
				CLANG_WARN_INT_CONVERSION = YES;
				CLANG_WARN_OBJC_ROOT_CLASS = YES_ERROR;
				CLANG_WARN_UNREACHABLE_CODE = YES;
				CLANG_WARN__DUPLICATE_METHOD_MATCH = YES;
				CODE_SIGN_IDENTITY = "-";
				COPY_PHASE_STRIP = NO;
				DEBUG_INFORMATION_FORMAT = "dwarf-with-dsym";
				ENABLE_NS_ASSERTIONS = NO;
				ENABLE_STRICT_OBJC_MSGSEND = YES;
				GCC_C_LANGUAGE_STANDARD = gnu99;
				GCC_NO_COMMON_BLOCKS = YES;
				GCC_WARN_64_TO_32_BIT_CONVERSION = YES;
				GCC_WARN_ABOUT_RETURN_TYPE = YES_ERROR;
				GCC_WARN_UNDECLARED_SELECTOR = YES;
				GCC_WARN_UNINITIALIZED_AUTOS = YES_AGGRESSIVE;
				GCC_WARN_UNUSED_FUNCTION = YES;
				GCC_WARN_UNUSED_VARIABLE = YES;
				MACOSX_DEPLOYMENT_TARGET = 10.10;
				MTL_ENABLE_DEBUG_INFO = NO;
				SDKROOT = macosx;
			};
			name = Release;
		};
		96BC41AA1B09774E0032A169 /* Debug */ = {
			isa = XCBuildConfiguration;
			buildSettings = {
				ASSETCATALOG_COMPILER_APPICON_NAME = AppIcon;
				COMBINE_HIDPI_IMAGES = YES;
				INFOPLIST_FILE = ChaosHarmonizer/Info.plist;
				LD_RUNPATH_SEARCH_PATHS = "$(inherited) @executable_path/../Frameworks";
				PRODUCT_BUNDLE_IDENTIFIER = "com.musickit.$(PRODUCT_NAME:rfc1034identifier)";
				PRODUCT_NAME = "$(TARGET_NAME)";
			};
			name = Debug;
		};
		96BC41AB1B09774E0032A169 /* Release */ = {
			isa = XCBuildConfiguration;
			buildSettings = {
				ASSETCATALOG_COMPILER_APPICON_NAME = AppIcon;
				COMBINE_HIDPI_IMAGES = YES;
				INFOPLIST_FILE = ChaosHarmonizer/Info.plist;
				LD_RUNPATH_SEARCH_PATHS = "$(inherited) @executable_path/../Frameworks";
				PRODUCT_BUNDLE_IDENTIFIER = "com.musickit.$(PRODUCT_NAME:rfc1034identifier)";
				PRODUCT_NAME = "$(TARGET_NAME)";
			};
			name = Release;
		};
/* End XCBuildConfiguration section */

/* Begin XCConfigurationList section */
		96BC41881B09774E0032A169 /* Build configuration list for PBXProject "ChaosHarmonizer" */ = {
			isa = XCConfigurationList;
			buildConfigurations = (
				96BC41A71B09774E0032A169 /* Debug */,
				96BC41A81B09774E0032A169 /* Release */,
			);
			defaultConfigurationIsVisible = 0;
			defaultConfigurationName = Release;
		};
		96BC41A91B09774E0032A169 /* Build configuration list for PBXNativeTarget "ChaosHarmonizer" */ = {
			isa = XCConfigurationList;
			buildConfigurations = (
				96BC41AA1B09774E0032A169 /* Debug */,
				96BC41AB1B09774E0032A169 /* Release */,
			);
			defaultConfigurationIsVisible = 0;
			defaultConfigurationName = Release;
		};
/* End XCConfigurationList section */
	};
	rootObject = 96BC41851B09774E0032A169 /* Project object */;
}
