// !$*UTF8*$!
{
	archiveVersion = 1;
	classes = {
	};
	objectVersion = 46;
	objects = {

/* Begin PBXBuildFile section */
		96F746261AFF30670094C66C /* AppDelegate.swift in Sources */ = {isa = PBXBuildFile; fileRef = 96F746251AFF30670094C66C /* AppDelegate.swift */; };
		96F746281AFF30670094C66C /* ViewController.swift in Sources */ = {isa = PBXBuildFile; fileRef = 96F746271AFF30670094C66C /* ViewController.swift */; };
		96F7462A1AFF30670094C66C /* Images.xcassets in Resources */ = {isa = PBXBuildFile; fileRef = 96F746291AFF30670094C66C /* Images.xcassets */; };
		96F7462D1AFF30670094C66C /* Main.storyboard in Resources */ = {isa = PBXBuildFile; fileRef = 96F7462B1AFF30670094C66C /* Main.storyboard */; };
		96F746391AFF30670094C66C /* ChordIDTests.swift in Sources */ = {isa = PBXBuildFile; fileRef = 96F746381AFF30670094C66C /* ChordIDTests.swift */; };
		96F746511AFF30C90094C66C /* MusicKit.framework in Frameworks */ = {isa = PBXBuildFile; fileRef = 96F7464A1AFF30B40094C66C /* MusicKit.framework */; };
/* End PBXBuildFile section */

/* Begin PBXContainerItemProxy section */
		96F746331AFF30670094C66C /* PBXContainerItemProxy */ = {
			isa = PBXContainerItemProxy;
			containerPortal = 96F746181AFF30660094C66C /* Project object */;
			proxyType = 1;
			remoteGlobalIDString = 96F7461F1AFF30660094C66C;
			remoteInfo = ChordID;
		};
		96F746491AFF30B40094C66C /* PBXContainerItemProxy */ = {
			isa = PBXContainerItemProxy;
			containerPortal = 96F746421AFF30B30094C66C /* MusicKit.xcodeproj */;
			proxyType = 2;
			remoteGlobalIDString = 96F299221A5663E500D7B006;
			remoteInfo = MusicKit_OSX;
		};
		96F7464B1AFF30B40094C66C /* PBXContainerItemProxy */ = {
			isa = PBXContainerItemProxy;
			containerPortal = 96F746421AFF30B30094C66C /* MusicKit.xcodeproj */;
			proxyType = 2;
			remoteGlobalIDString = 9693F6531A57C403006270F4;
			remoteInfo = MusicKit_iOS;
		};
		96F7464D1AFF30B40094C66C /* PBXContainerItemProxy */ = {
			isa = PBXContainerItemProxy;
			containerPortal = 96F746421AFF30B30094C66C /* MusicKit.xcodeproj */;
			proxyType = 2;
			remoteGlobalIDString = 96F2992D1A5663E500D7B006;
			remoteInfo = MusicKit_OSXTests;
		};
		96F7464F1AFF30B40094C66C /* PBXContainerItemProxy */ = {
			isa = PBXContainerItemProxy;
			containerPortal = 96F746421AFF30B30094C66C /* MusicKit.xcodeproj */;
			proxyType = 2;
			remoteGlobalIDString = 9691BB241A57C75500421B56;
			remoteInfo = MusicKit_iOSTests;
		};
/* End PBXContainerItemProxy section */

/* Begin PBXFileReference section */
		96F746201AFF30660094C66C /* ChordID.app */ = {isa = PBXFileReference; explicitFileType = wrapper.application; includeInIndex = 0; path = ChordID.app; sourceTree = BUILT_PRODUCTS_DIR; };
		96F746241AFF30670094C66C /* Info.plist */ = {isa = PBXFileReference; lastKnownFileType = text.plist.xml; path = Info.plist; sourceTree = "<group>"; };
		96F746251AFF30670094C66C /* AppDelegate.swift */ = {isa = PBXFileReference; lastKnownFileType = sourcecode.swift; path = AppDelegate.swift; sourceTree = "<group>"; };
		96F746271AFF30670094C66C /* ViewController.swift */ = {isa = PBXFileReference; lastKnownFileType = sourcecode.swift; path = ViewController.swift; sourceTree = "<group>"; };
		96F746291AFF30670094C66C /* Images.xcassets */ = {isa = PBXFileReference; lastKnownFileType = folder.assetcatalog; path = Images.xcassets; sourceTree = "<group>"; };
		96F7462C1AFF30670094C66C /* Base */ = {isa = PBXFileReference; lastKnownFileType = file.storyboard; name = Base; path = Base.lproj/Main.storyboard; sourceTree = "<group>"; };
		96F746321AFF30670094C66C /* ChordIDTests.xctest */ = {isa = PBXFileReference; explicitFileType = wrapper.cfbundle; includeInIndex = 0; path = ChordIDTests.xctest; sourceTree = BUILT_PRODUCTS_DIR; };
		96F746371AFF30670094C66C /* Info.plist */ = {isa = PBXFileReference; lastKnownFileType = text.plist.xml; path = Info.plist; sourceTree = "<group>"; };
		96F746381AFF30670094C66C /* ChordIDTests.swift */ = {isa = PBXFileReference; lastKnownFileType = sourcecode.swift; path = ChordIDTests.swift; sourceTree = "<group>"; };
		96F746421AFF30B30094C66C /* MusicKit.xcodeproj */ = {isa = PBXFileReference; lastKnownFileType = "wrapper.pb-project"; name = MusicKit.xcodeproj; path = ../../MusicKit.xcodeproj; sourceTree = "<group>"; };
/* End PBXFileReference section */

/* Begin PBXFrameworksBuildPhase section */
		96F7461D1AFF30660094C66C /* Frameworks */ = {
			isa = PBXFrameworksBuildPhase;
			buildActionMask = 2147483647;
			files = (
				96F746511AFF30C90094C66C /* MusicKit.framework in Frameworks */,
			);
			runOnlyForDeploymentPostprocessing = 0;
		};
		96F7462F1AFF30670094C66C /* Frameworks */ = {
			isa = PBXFrameworksBuildPhase;
			buildActionMask = 2147483647;
			files = (
			);
			runOnlyForDeploymentPostprocessing = 0;
		};
/* End PBXFrameworksBuildPhase section */

/* Begin PBXGroup section */
		96F746171AFF30660094C66C = {
			isa = PBXGroup;
			children = (
				96F746221AFF30660094C66C /* ChordID */,
				96F746351AFF30670094C66C /* ChordIDTests */,
				96F746211AFF30660094C66C /* Products */,
				96F746421AFF30B30094C66C /* MusicKit.xcodeproj */,
			);
			sourceTree = "<group>";
		};
		96F746211AFF30660094C66C /* Products */ = {
			isa = PBXGroup;
			children = (
				96F746201AFF30660094C66C /* ChordID.app */,
				96F746321AFF30670094C66C /* ChordIDTests.xctest */,
			);
			name = Products;
			sourceTree = "<group>";
		};
		96F746221AFF30660094C66C /* ChordID */ = {
			isa = PBXGroup;
			children = (
				96F746251AFF30670094C66C /* AppDelegate.swift */,
				96F746271AFF30670094C66C /* ViewController.swift */,
				96F746291AFF30670094C66C /* Images.xcassets */,
				96F7462B1AFF30670094C66C /* Main.storyboard */,
				96F746231AFF30660094C66C /* Supporting Files */,
			);
			path = ChordID;
			sourceTree = "<group>";
		};
		96F746231AFF30660094C66C /* Supporting Files */ = {
			isa = PBXGroup;
			children = (
				96F746241AFF30670094C66C /* Info.plist */,
			);
			name = "Supporting Files";
			sourceTree = "<group>";
		};
		96F746351AFF30670094C66C /* ChordIDTests */ = {
			isa = PBXGroup;
			children = (
				96F746381AFF30670094C66C /* ChordIDTests.swift */,
				96F746361AFF30670094C66C /* Supporting Files */,
			);
			path = ChordIDTests;
			sourceTree = "<group>";
		};
		96F746361AFF30670094C66C /* Supporting Files */ = {
			isa = PBXGroup;
			children = (
				96F746371AFF30670094C66C /* Info.plist */,
			);
			name = "Supporting Files";
			sourceTree = "<group>";
		};
		96F746431AFF30B30094C66C /* Products */ = {
			isa = PBXGroup;
			children = (
				96F7464A1AFF30B40094C66C /* MusicKit.framework */,
				96F7464C1AFF30B40094C66C /* MusicKit.framework */,
				96F7464E1AFF30B40094C66C /* MusicKit_OSXTests.xctest */,
				96F746501AFF30B40094C66C /* MusicKit_iOSTests.xctest */,
			);
			name = Products;
			sourceTree = "<group>";
		};
/* End PBXGroup section */

/* Begin PBXNativeTarget section */
		96F7461F1AFF30660094C66C /* ChordID */ = {
			isa = PBXNativeTarget;
			buildConfigurationList = 96F7463C1AFF30670094C66C /* Build configuration list for PBXNativeTarget "ChordID" */;
			buildPhases = (
				96F7461C1AFF30660094C66C /* Sources */,
				96F7461D1AFF30660094C66C /* Frameworks */,
				96F7461E1AFF30660094C66C /* Resources */,
			);
			buildRules = (
			);
			dependencies = (
			);
			name = ChordID;
			productName = ChordID;
			productReference = 96F746201AFF30660094C66C /* ChordID.app */;
			productType = "com.apple.product-type.application";
		};
		96F746311AFF30670094C66C /* ChordIDTests */ = {
			isa = PBXNativeTarget;
			buildConfigurationList = 96F7463F1AFF30670094C66C /* Build configuration list for PBXNativeTarget "ChordIDTests" */;
			buildPhases = (
				96F7462E1AFF30670094C66C /* Sources */,
				96F7462F1AFF30670094C66C /* Frameworks */,
				96F746301AFF30670094C66C /* Resources */,
			);
			buildRules = (
			);
			dependencies = (
				96F746341AFF30670094C66C /* PBXTargetDependency */,
			);
			name = ChordIDTests;
			productName = ChordIDTests;
			productReference = 96F746321AFF30670094C66C /* ChordIDTests.xctest */;
			productType = "com.apple.product-type.bundle.unit-test";
		};
/* End PBXNativeTarget section */

/* Begin PBXProject section */
		96F746181AFF30660094C66C /* Project object */ = {
			isa = PBXProject;
			attributes = {
				LastUpgradeCheck = 0630;
				ORGANIZATIONNAME = "Ben Guo";
				TargetAttributes = {
					96F7461F1AFF30660094C66C = {
						CreatedOnToolsVersion = 6.3.1;
					};
					96F746311AFF30670094C66C = {
						CreatedOnToolsVersion = 6.3.1;
						TestTargetID = 96F7461F1AFF30660094C66C;
					};
				};
			};
			buildConfigurationList = 96F7461B1AFF30660094C66C /* Build configuration list for PBXProject "ChordID" */;
			compatibilityVersion = "Xcode 3.2";
			developmentRegion = English;
			hasScannedForEncodings = 0;
			knownRegions = (
				en,
				Base,
			);
			mainGroup = 96F746171AFF30660094C66C;
			productRefGroup = 96F746211AFF30660094C66C /* Products */;
			projectDirPath = "";
			projectReferences = (
				{
					ProductGroup = 96F746431AFF30B30094C66C /* Products */;
					ProjectRef = 96F746421AFF30B30094C66C /* MusicKit.xcodeproj */;
				},
			);
			projectRoot = "";
			targets = (
				96F7461F1AFF30660094C66C /* ChordID */,
				96F746311AFF30670094C66C /* ChordIDTests */,
			);
		};
/* End PBXProject section */

/* Begin PBXReferenceProxy section */
		96F7464A1AFF30B40094C66C /* MusicKit.framework */ = {
			isa = PBXReferenceProxy;
			fileType = wrapper.framework;
			path = MusicKit.framework;
			remoteRef = 96F746491AFF30B40094C66C /* PBXContainerItemProxy */;
			sourceTree = BUILT_PRODUCTS_DIR;
		};
		96F7464C1AFF30B40094C66C /* MusicKit.framework */ = {
			isa = PBXReferenceProxy;
			fileType = wrapper.framework;
			path = MusicKit.framework;
			remoteRef = 96F7464B1AFF30B40094C66C /* PBXContainerItemProxy */;
			sourceTree = BUILT_PRODUCTS_DIR;
		};
		96F7464E1AFF30B40094C66C /* MusicKit_OSXTests.xctest */ = {
			isa = PBXReferenceProxy;
			fileType = wrapper.cfbundle;
			path = MusicKit_OSXTests.xctest;
			remoteRef = 96F7464D1AFF30B40094C66C /* PBXContainerItemProxy */;
			sourceTree = BUILT_PRODUCTS_DIR;
		};
		96F746501AFF30B40094C66C /* MusicKit_iOSTests.xctest */ = {
			isa = PBXReferenceProxy;
			fileType = wrapper.cfbundle;
			path = MusicKit_iOSTests.xctest;
			remoteRef = 96F7464F1AFF30B40094C66C /* PBXContainerItemProxy */;
			sourceTree = BUILT_PRODUCTS_DIR;
		};
/* End PBXReferenceProxy section */

/* Begin PBXResourcesBuildPhase section */
		96F7461E1AFF30660094C66C /* Resources */ = {
			isa = PBXResourcesBuildPhase;
			buildActionMask = 2147483647;
			files = (
				96F7462A1AFF30670094C66C /* Images.xcassets in Resources */,
				96F7462D1AFF30670094C66C /* Main.storyboard in Resources */,
			);
			runOnlyForDeploymentPostprocessing = 0;
		};
		96F746301AFF30670094C66C /* Resources */ = {
			isa = PBXResourcesBuildPhase;
			buildActionMask = 2147483647;
			files = (
			);
			runOnlyForDeploymentPostprocessing = 0;
		};
/* End PBXResourcesBuildPhase section */

/* Begin PBXSourcesBuildPhase section */
		96F7461C1AFF30660094C66C /* Sources */ = {
			isa = PBXSourcesBuildPhase;
			buildActionMask = 2147483647;
			files = (
				96F746281AFF30670094C66C /* ViewController.swift in Sources */,
				96F746261AFF30670094C66C /* AppDelegate.swift in Sources */,
			);
			runOnlyForDeploymentPostprocessing = 0;
		};
		96F7462E1AFF30670094C66C /* Sources */ = {
			isa = PBXSourcesBuildPhase;
			buildActionMask = 2147483647;
			files = (
				96F746391AFF30670094C66C /* ChordIDTests.swift in Sources */,
			);
			runOnlyForDeploymentPostprocessing = 0;
		};
/* End PBXSourcesBuildPhase section */

/* Begin PBXTargetDependency section */
		96F746341AFF30670094C66C /* PBXTargetDependency */ = {
			isa = PBXTargetDependency;
			target = 96F7461F1AFF30660094C66C /* ChordID */;
			targetProxy = 96F746331AFF30670094C66C /* PBXContainerItemProxy */;
		};
/* End PBXTargetDependency section */

/* Begin PBXVariantGroup section */
		96F7462B1AFF30670094C66C /* Main.storyboard */ = {
			isa = PBXVariantGroup;
			children = (
				96F7462C1AFF30670094C66C /* Base */,
			);
			name = Main.storyboard;
			sourceTree = "<group>";
		};
/* End PBXVariantGroup section */

/* Begin XCBuildConfiguration section */
		96F7463A1AFF30670094C66C /* Debug */ = {
			isa = XCBuildConfiguration;
			buildSettings = {
				ALWAYS_SEARCH_USER_PATHS = NO;
				CLANG_CXX_LANGUAGE_STANDARD = "gnu++0x";
				CLANG_CXX_LIBRARY = "libc++";
				CLANG_ENABLE_MODULES = YES;
				CLANG_ENABLE_OBJC_ARC = YES;
				CLANG_WARN_BOOL_CONVERSION = YES;
				CLANG_WARN_CONSTANT_CONVERSION = YES;
				CLANG_WARN_DIRECT_OBJC_ISA_USAGE = YES_ERROR;
				CLANG_WARN_EMPTY_BODY = YES;
				CLANG_WARN_ENUM_CONVERSION = YES;
				CLANG_WARN_INT_CONVERSION = YES;
				CLANG_WARN_OBJC_ROOT_CLASS = YES_ERROR;
				CLANG_WARN_UNREACHABLE_CODE = YES;
				CLANG_WARN__DUPLICATE_METHOD_MATCH = YES;
				CODE_SIGN_IDENTITY = "-";
				COPY_PHASE_STRIP = NO;
				DEBUG_INFORMATION_FORMAT = dwarf;
				ENABLE_STRICT_OBJC_MSGSEND = YES;
				GCC_C_LANGUAGE_STANDARD = gnu99;
				GCC_DYNAMIC_NO_PIC = NO;
				GCC_NO_COMMON_BLOCKS = YES;
				GCC_OPTIMIZATION_LEVEL = 0;
				GCC_PREPROCESSOR_DEFINITIONS = (
					"DEBUG=1",
					"$(inherited)",
				);
				GCC_SYMBOLS_PRIVATE_EXTERN = NO;
				GCC_WARN_64_TO_32_BIT_CONVERSION = YES;
				GCC_WARN_ABOUT_RETURN_TYPE = YES_ERROR;
				GCC_WARN_UNDECLARED_SELECTOR = YES;
				GCC_WARN_UNINITIALIZED_AUTOS = YES_AGGRESSIVE;
				GCC_WARN_UNUSED_FUNCTION = YES;
				GCC_WARN_UNUSED_VARIABLE = YES;
				MACOSX_DEPLOYMENT_TARGET = 10.10;
				MTL_ENABLE_DEBUG_INFO = YES;
				ONLY_ACTIVE_ARCH = YES;
				SDKROOT = macosx;
				SWIFT_OPTIMIZATION_LEVEL = "-Onone";
			};
			name = Debug;
		};
		96F7463B1AFF30670094C66C /* Release */ = {
			isa = XCBuildConfiguration;
			buildSettings = {
				ALWAYS_SEARCH_USER_PATHS = NO;
				CLANG_CXX_LANGUAGE_STANDARD = "gnu++0x";
				CLANG_CXX_LIBRARY = "libc++";
				CLANG_ENABLE_MODULES = YES;
				CLANG_ENABLE_OBJC_ARC = YES;
				CLANG_WARN_BOOL_CONVERSION = YES;
				CLANG_WARN_CONSTANT_CONVERSION = YES;
				CLANG_WARN_DIRECT_OBJC_ISA_USAGE = YES_ERROR;
				CLANG_WARN_EMPTY_BODY = YES;
				CLANG_WARN_ENUM_CONVERSION = YES;
				CLANG_WARN_INT_CONVERSION = YES;
				CLANG_WARN_OBJC_ROOT_CLASS = YES_ERROR;
				CLANG_WARN_UNREACHABLE_CODE = YES;
				CLANG_WARN__DUPLICATE_METHOD_MATCH = YES;
				CODE_SIGN_IDENTITY = "-";
				COPY_PHASE_STRIP = NO;
				DEBUG_INFORMATION_FORMAT = "dwarf-with-dsym";
				ENABLE_NS_ASSERTIONS = NO;
				ENABLE_STRICT_OBJC_MSGSEND = YES;
				GCC_C_LANGUAGE_STANDARD = gnu99;
				GCC_NO_COMMON_BLOCKS = YES;
				GCC_WARN_64_TO_32_BIT_CONVERSION = YES;
				GCC_WARN_ABOUT_RETURN_TYPE = YES_ERROR;
				GCC_WARN_UNDECLARED_SELECTOR = YES;
				GCC_WARN_UNINITIALIZED_AUTOS = YES_AGGRESSIVE;
				GCC_WARN_UNUSED_FUNCTION = YES;
				GCC_WARN_UNUSED_VARIABLE = YES;
				MACOSX_DEPLOYMENT_TARGET = 10.10;
				MTL_ENABLE_DEBUG_INFO = NO;
				SDKROOT = macosx;
			};
			name = Release;
		};
		96F7463D1AFF30670094C66C /* Debug */ = {
			isa = XCBuildConfiguration;
			buildSettings = {
				ASSETCATALOG_COMPILER_APPICON_NAME = AppIcon;
				COMBINE_HIDPI_IMAGES = YES;
				INFOPLIST_FILE = ChordID/Info.plist;
				LD_RUNPATH_SEARCH_PATHS = "$(inherited) @executable_path/../Frameworks";
				PRODUCT_NAME = "$(TARGET_NAME)";
			};
			name = Debug;
		};
		96F7463E1AFF30670094C66C /* Release */ = {
			isa = XCBuildConfiguration;
			buildSettings = {
				ASSETCATALOG_COMPILER_APPICON_NAME = AppIcon;
				COMBINE_HIDPI_IMAGES = YES;
				INFOPLIST_FILE = ChordID/Info.plist;
				LD_RUNPATH_SEARCH_PATHS = "$(inherited) @executable_path/../Frameworks";
				PRODUCT_NAME = "$(TARGET_NAME)";
			};
			name = Release;
		};
		96F746401AFF30670094C66C /* Debug */ = {
			isa = XCBuildConfiguration;
			buildSettings = {
				BUNDLE_LOADER = "$(TEST_HOST)";
				COMBINE_HIDPI_IMAGES = YES;
				FRAMEWORK_SEARCH_PATHS = (
					"$(DEVELOPER_FRAMEWORKS_DIR)",
					"$(inherited)",
				);
				GCC_PREPROCESSOR_DEFINITIONS = (
					"DEBUG=1",
					"$(inherited)",
				);
				INFOPLIST_FILE = ChordIDTests/Info.plist;
				LD_RUNPATH_SEARCH_PATHS = "$(inherited) @executable_path/../Frameworks @loader_path/../Frameworks";
				PRODUCT_NAME = "$(TARGET_NAME)";
				TEST_HOST = "$(BUILT_PRODUCTS_DIR)/ChordID.app/Contents/MacOS/ChordID";
			};
			name = Debug;
		};
		96F746411AFF30670094C66C /* Release */ = {
			isa = XCBuildConfiguration;
			buildSettings = {
				BUNDLE_LOADER = "$(TEST_HOST)";
				COMBINE_HIDPI_IMAGES = YES;
				FRAMEWORK_SEARCH_PATHS = (
					"$(DEVELOPER_FRAMEWORKS_DIR)",
					"$(inherited)",
				);
				INFOPLIST_FILE = ChordIDTests/Info.plist;
				LD_RUNPATH_SEARCH_PATHS = "$(inherited) @executable_path/../Frameworks @loader_path/../Frameworks";
				PRODUCT_NAME = "$(TARGET_NAME)";
				TEST_HOST = "$(BUILT_PRODUCTS_DIR)/ChordID.app/Contents/MacOS/ChordID";
			};
			name = Release;
		};
/* End XCBuildConfiguration section */

/* Begin XCConfigurationList section */
		96F7461B1AFF30660094C66C /* Build configuration list for PBXProject "ChordID" */ = {
			isa = XCConfigurationList;
			buildConfigurations = (
				96F7463A1AFF30670094C66C /* Debug */,
				96F7463B1AFF30670094C66C /* Release */,
			);
			defaultConfigurationIsVisible = 0;
			defaultConfigurationName = Release;
		};
		96F7463C1AFF30670094C66C /* Build configuration list for PBXNativeTarget "ChordID" */ = {
			isa = XCConfigurationList;
			buildConfigurations = (
				96F7463D1AFF30670094C66C /* Debug */,
				96F7463E1AFF30670094C66C /* Release */,
			);
			defaultConfigurationIsVisible = 0;
			defaultConfigurationName = Release;
		};
		96F7463F1AFF30670094C66C /* Build configuration list for PBXNativeTarget "ChordIDTests" */ = {
			isa = XCConfigurationList;
			buildConfigurations = (
				96F746401AFF30670094C66C /* Debug */,
				96F746411AFF30670094C66C /* Release */,
			);
			defaultConfigurationIsVisible = 0;
			defaultConfigurationName = Release;
		};
/* End XCConfigurationList section */
	};
	rootObject = 96F746181AFF30660094C66C /* Project object */;
}
